
Microsoft Visual Studio Solution File, Format Version 12.00
# Visual Studio Version 17
VisualStudioVersion = 17.7.34018.315
MinimumVisualStudioVersion = 10.0.40219.1
Project("{FAE04EC0-301F-11D3-BF4B-00C04F79EFBC}") = "while loop", "while loop\while loop.csproj", "{C52A7122-6170-43E5-B097-E1C5004B5DAB}"
EndProject
Global
	GlobalSection(SolutionConfigurationPlatforms) = preSolution
		Debug|Any CPU = Debug|Any CPU
		Release|Any CPU = Release|Any CPU
	EndGlobalSection
	GlobalSection(ProjectConfigurationPlatforms) = postSolution
		{C52A7122-6170-43E5-B097-E1C5004B5DAB}.Debug|Any CPU.ActiveCfg = Debug|Any CPU
		{C52A7122-6170-43E5-B097-E1C5004B5DAB}.Debug|Any CPU.Build.0 = Debug|Any CPU
		{C52A7122-6170-43E5-B097-E1C5004B5DAB}.Release|Any CPU.ActiveCfg = Release|Any CPU
		{C52A7122-6170-43E5-B097-E1C5004B5DAB}.Release|Any CPU.Build.0 = Release|Any CPU
	EndGlobalSection
	GlobalSection(SolutionProperties) = preSolution
		HideSolutionNode = FALSE
	EndGlobalSection
	GlobalSection(ExtensibilityGlobals) = postSolution
		SolutionGuid = {B5F77A70-992E-4386-BE99-6059BAF3AA1D}
	EndGlobalSection
EndGlobal
